// !$*UTF8*$!
{
	archiveVersion = 1;
	classes = {
	};
	objectVersion = 50;
	objects = {

/* Begin PBXBuildFile section */
		244CE5C61FA69C2C6968A05F /* Pods_TextureNodes.framework in Frameworks */ = {isa = PBXBuildFile; fileRef = 94C26772B4FE2A993FACE516 /* Pods_TextureNodes.framework */; };
		D922E0B021CE2C2E005D13C1 /* LayoutAnimationBugViewController.swift in Sources */ = {isa = PBXBuildFile; fileRef = D922E0AF21CE2C2E005D13C1 /* LayoutAnimationBugViewController.swift */; };
		D975CBB721CE1CAE0029E9D6 /* BackgroundPropertyViewController.swift in Sources */ = {isa = PBXBuildFile; fileRef = D975CBB621CE1CAE0029E9D6 /* BackgroundPropertyViewController.swift */; };
		D9F573ED21A8F4ED0065ADFB /* AppDelegate.swift in Sources */ = {isa = PBXBuildFile; fileRef = D9F573EC21A8F4ED0065ADFB /* AppDelegate.swift */; };
		D9F573EF21A8F4ED0065ADFB /* ViewController.swift in Sources */ = {isa = PBXBuildFile; fileRef = D9F573EE21A8F4ED0065ADFB /* ViewController.swift */; };
		D9F573F421A8F4EE0065ADFB /* Assets.xcassets in Resources */ = {isa = PBXBuildFile; fileRef = D9F573F321A8F4EE0065ADFB /* Assets.xcassets */; };
		D9F573F721A8F4EE0065ADFB /* LaunchScreen.storyboard in Resources */ = {isa = PBXBuildFile; fileRef = D9F573F521A8F4EE0065ADFB /* LaunchScreen.storyboard */; };
/* End PBXBuildFile section */

/* Begin PBXFileReference section */
		667362EE1BFBE485F3EA72CA /* Pods-TextureNodes.debug.xcconfig */ = {isa = PBXFileReference; includeInIndex = 1; lastKnownFileType = text.xcconfig; name = "Pods-TextureNodes.debug.xcconfig"; path = "Pods/Target Support Files/Pods-TextureNodes/Pods-TextureNodes.debug.xcconfig"; sourceTree = "<group>"; };
		94C26772B4FE2A993FACE516 /* Pods_TextureNodes.framework */ = {isa = PBXFileReference; explicitFileType = wrapper.framework; includeInIndex = 0; path = Pods_TextureNodes.framework; sourceTree = BUILT_PRODUCTS_DIR; };
		D815E4A03E3841CCF53928A6 /* Pods-TextureNodes.release.xcconfig */ = {isa = PBXFileReference; includeInIndex = 1; lastKnownFileType = text.xcconfig; name = "Pods-TextureNodes.release.xcconfig"; path = "Pods/Target Support Files/Pods-TextureNodes/Pods-TextureNodes.release.xcconfig"; sourceTree = "<group>"; };
		D922E0AF21CE2C2E005D13C1 /* LayoutAnimationBugViewController.swift */ = {isa = PBXFileReference; lastKnownFileType = sourcecode.swift; path = LayoutAnimationBugViewController.swift; sourceTree = "<group>"; };
		D975CBB621CE1CAE0029E9D6 /* BackgroundPropertyViewController.swift */ = {isa = PBXFileReference; lastKnownFileType = sourcecode.swift; path = BackgroundPropertyViewController.swift; sourceTree = "<group>"; };
		D9F573E921A8F4ED0065ADFB /* TextureNodes.app */ = {isa = PBXFileReference; explicitFileType = wrapper.application; includeInIndex = 0; path = TextureNodes.app; sourceTree = BUILT_PRODUCTS_DIR; };
		D9F573EC21A8F4ED0065ADFB /* AppDelegate.swift */ = {isa = PBXFileReference; lastKnownFileType = sourcecode.swift; path = AppDelegate.swift; sourceTree = "<group>"; };
		D9F573EE21A8F4ED0065ADFB /* ViewController.swift */ = {isa = PBXFileReference; lastKnownFileType = sourcecode.swift; path = ViewController.swift; sourceTree = "<group>"; };
		D9F573F321A8F4EE0065ADFB /* Assets.xcassets */ = {isa = PBXFileReference; lastKnownFileType = folder.assetcatalog; path = Assets.xcassets; sourceTree = "<group>"; };
		D9F573F621A8F4EE0065ADFB /* Base */ = {isa = PBXFileReference; lastKnownFileType = file.storyboard; name = Base; path = Base.lproj/LaunchScreen.storyboard; sourceTree = "<group>"; };
		D9F573F821A8F4EE0065ADFB /* Info.plist */ = {isa = PBXFileReference; lastKnownFileType = text.plist.xml; path = Info.plist; sourceTree = "<group>"; };
/* End PBXFileReference section */

/* Begin PBXFrameworksBuildPhase section */
		D9F573E621A8F4ED0065ADFB /* Frameworks */ = {
			isa = PBXFrameworksBuildPhase;
			buildActionMask = 2147483647;
			files = (
				244CE5C61FA69C2C6968A05F /* Pods_TextureNodes.framework in Frameworks */,
			);
			runOnlyForDeploymentPostprocessing = 0;
		};
/* End PBXFrameworksBuildPhase section */

/* Begin PBXGroup section */
		1FC959669F4AACC5B880BBF0 /* Frameworks */ = {
			isa = PBXGroup;
			children = (
				94C26772B4FE2A993FACE516 /* Pods_TextureNodes.framework */,
			);
			name = Frameworks;
			sourceTree = "<group>";
		};
		AAF2C9A67B73F476B1972C02 /* Pods */ = {
			isa = PBXGroup;
			children = (
				667362EE1BFBE485F3EA72CA /* Pods-TextureNodes.debug.xcconfig */,
				D815E4A03E3841CCF53928A6 /* Pods-TextureNodes.release.xcconfig */,
			);
			name = Pods;
			sourceTree = "<group>";
		};
		D975CB9521CBBA1A0029E9D6 /* Learning */ = {
			isa = PBXGroup;
			children = (
				D9F573EE21A8F4ED0065ADFB /* ViewController.swift */,
				D975CBB621CE1CAE0029E9D6 /* BackgroundPropertyViewController.swift */,
				D922E0AF21CE2C2E005D13C1 /* LayoutAnimationBugViewController.swift */,
			);
			path = Learning;
			sourceTree = "<group>";
		};
		D9F573E021A8F4ED0065ADFB = {
			isa = PBXGroup;
			children = (
				D9F573EB21A8F4ED0065ADFB /* TextureNodes */,
				D9F573EA21A8F4ED0065ADFB /* Products */,
				AAF2C9A67B73F476B1972C02 /* Pods */,
				1FC959669F4AACC5B880BBF0 /* Frameworks */,
			);
			sourceTree = "<group>";
		};
		D9F573EA21A8F4ED0065ADFB /* Products */ = {
			isa = PBXGroup;
			children = (
				D9F573E921A8F4ED0065ADFB /* TextureNodes.app */,
			);
			name = Products;
			sourceTree = "<group>";
		};
		D9F573EB21A8F4ED0065ADFB /* TextureNodes */ = {
			isa = PBXGroup;
			children = (
				D975CB9521CBBA1A0029E9D6 /* Learning */,
				D9F573EC21A8F4ED0065ADFB /* AppDelegate.swift */,
				D9F573F321A8F4EE0065ADFB /* Assets.xcassets */,
				D9F573F521A8F4EE0065ADFB /* LaunchScreen.storyboard */,
				D9F573F821A8F4EE0065ADFB /* Info.plist */,
			);
			path = TextureNodes;
			sourceTree = "<group>";
		};
/* End PBXGroup section */

/* Begin PBXNativeTarget section */
		D9F573E821A8F4ED0065ADFB /* TextureNodes */ = {
			isa = PBXNativeTarget;
			buildConfigurationList = D9F573FB21A8F4EE0065ADFB /* Build configuration list for PBXNativeTarget "TextureNodes" */;
			buildPhases = (
				0CD1B23067493D83EED83ED0 /* [CP] Check Pods Manifest.lock */,
				D9F573E521A8F4ED0065ADFB /* Sources */,
				D9F573E621A8F4ED0065ADFB /* Frameworks */,
				D9F573E721A8F4ED0065ADFB /* Resources */,
				EF160E48FE80CDE7CE302BED /* [CP] Embed Pods Frameworks */,
			);
			buildRules = (
			);
			dependencies = (
			);
			name = TextureNodes;
			productName = TextureNodes;
			productReference = D9F573E921A8F4ED0065ADFB /* TextureNodes.app */;
			productType = "com.apple.product-type.application";
		};
/* End PBXNativeTarget section */

/* Begin PBXProject section */
		D9F573E121A8F4ED0065ADFB /* Project object */ = {
			isa = PBXProject;
			attributes = {
				LastSwiftUpdateCheck = 1000;
				LastUpgradeCheck = 1000;
				ORGANIZATIONNAME = "Yuske Fukuyama";
				TargetAttributes = {
					D9F573E821A8F4ED0065ADFB = {
						CreatedOnToolsVersion = 10.0;
					};
				};
			};
			buildConfigurationList = D9F573E421A8F4ED0065ADFB /* Build configuration list for PBXProject "TextureNodes" */;
			compatibilityVersion = "Xcode 9.3";
			developmentRegion = en;
			hasScannedForEncodings = 0;
			knownRegions = (
				en,
				Base,
			);
			mainGroup = D9F573E021A8F4ED0065ADFB;
			productRefGroup = D9F573EA21A8F4ED0065ADFB /* Products */;
			projectDirPath = "";
			projectRoot = "";
			targets = (
				D9F573E821A8F4ED0065ADFB /* TextureNodes */,
			);
		};
/* End PBXProject section */

/* Begin PBXResourcesBuildPhase section */
		D9F573E721A8F4ED0065ADFB /* Resources */ = {
			isa = PBXResourcesBuildPhase;
			buildActionMask = 2147483647;
			files = (
				D9F573F721A8F4EE0065ADFB /* LaunchScreen.storyboard in Resources */,
				D9F573F421A8F4EE0065ADFB /* Assets.xcassets in Resources */,
			);
			runOnlyForDeploymentPostprocessing = 0;
		};
/* End PBXResourcesBuildPhase section */

/* Begin PBXShellScriptBuildPhase section */
		0CD1B23067493D83EED83ED0 /* [CP] Check Pods Manifest.lock */ = {
			isa = PBXShellScriptBuildPhase;
			buildActionMask = 2147483647;
			files = (
			);
			inputPaths = (
				"${PODS_PODFILE_DIR_PATH}/Podfile.lock",
				"${PODS_ROOT}/Manifest.lock",
			);
			name = "[CP] Check Pods Manifest.lock";
			outputPaths = (
				"$(DERIVED_FILE_DIR)/Pods-TextureNodes-checkManifestLockResult.txt",
			);
			runOnlyForDeploymentPostprocessing = 0;
			shellPath = /bin/sh;
			shellScript = "diff \"${PODS_PODFILE_DIR_PATH}/Podfile.lock\" \"${PODS_ROOT}/Manifest.lock\" > /dev/null\nif [ $? != 0 ] ; then\n    # print error to STDERR\n    echo \"error: The sandbox is not in sync with the Podfile.lock. Run 'pod install' or update your CocoaPods installation.\" >&2\n    exit 1\nfi\n# This output is used by Xcode 'outputs' to avoid re-running this script phase.\necho \"SUCCESS\" > \"${SCRIPT_OUTPUT_FILE_0}\"\n";
			showEnvVarsInLog = 0;
		};
		EF160E48FE80CDE7CE302BED /* [CP] Embed Pods Frameworks */ = {
			isa = PBXShellScriptBuildPhase;
			buildActionMask = 2147483647;
			files = (
			);
			inputPaths = (
				"${SRCROOT}/Pods/Target Support Files/Pods-TextureNodes/Pods-TextureNodes-frameworks.sh",
				"${BUILT_PRODUCTS_DIR}/PINCache/PINCache.framework",
				"${BUILT_PRODUCTS_DIR}/PINOperation/PINOperation.framework",
				"${BUILT_PRODUCTS_DIR}/PINRemoteImage/PINRemoteImage.framework",
				"${BUILT_PRODUCTS_DIR}/Texture/AsyncDisplayKit.framework",
			);
			name = "[CP] Embed Pods Frameworks";
			outputPaths = (
				"${TARGET_BUILD_DIR}/${FRAMEWORKS_FOLDER_PATH}/PINCache.framework",
				"${TARGET_BUILD_DIR}/${FRAMEWORKS_FOLDER_PATH}/PINOperation.framework",
				"${TARGET_BUILD_DIR}/${FRAMEWORKS_FOLDER_PATH}/PINRemoteImage.framework",
				"${TARGET_BUILD_DIR}/${FRAMEWORKS_FOLDER_PATH}/AsyncDisplayKit.framework",
			);
			runOnlyForDeploymentPostprocessing = 0;
			shellPath = /bin/sh;
			shellScript = "\"${SRCROOT}/Pods/Target Support Files/Pods-TextureNodes/Pods-TextureNodes-frameworks.sh\"\n";
			showEnvVarsInLog = 0;
		};
/* End PBXShellScriptBuildPhase section */

/* Begin PBXSourcesBuildPhase section */
		D9F573E521A8F4ED0065ADFB /* Sources */ = {
			isa = PBXSourcesBuildPhase;
			buildActionMask = 2147483647;
			files = (
				D9F573EF21A8F4ED0065ADFB /* ViewController.swift in Sources */,
				D975CBB721CE1CAE0029E9D6 /* BackgroundPropertyViewController.swift in Sources */,
				D9F573ED21A8F4ED0065ADFB /* AppDelegate.swift in Sources */,
				D922E0B021CE2C2E005D13C1 /* LayoutAnimationBugViewController.swift in Sources */,
			);
			runOnlyForDeploymentPostprocessing = 0;
		};
/* End PBXSourcesBuildPhase section */

/* Begin PBXVariantGroup section */
		D9F573F521A8F4EE0065ADFB /* LaunchScreen.storyboard */ = {
			isa = PBXVariantGroup;
			children = (
				D9F573F621A8F4EE0065ADFB /* Base */,
			);
			name = LaunchScreen.storyboard;
			sourceTree = "<group>";
		};
/* End PBXVariantGroup section */

/* Begin XCBuildConfiguration section */
		D9F573F921A8F4EE0065ADFB /* Debug */ = {
			isa = XCBuildConfiguration;
			buildSettings = {
				ALWAYS_SEARCH_USER_PATHS = NO;
				CLANG_ANALYZER_NONNULL = YES;
				CLANG_ANALYZER_NUMBER_OBJECT_CONVERSION = YES_AGGRESSIVE;
				CLANG_CXX_LANGUAGE_STANDARD = "gnu++14";
				CLANG_CXX_LIBRARY = "libc++";
				CLANG_ENABLE_MODULES = YES;
				CLANG_ENABLE_OBJC_ARC = YES;
				CLANG_ENABLE_OBJC_WEAK = YES;
				CLANG_WARN_BLOCK_CAPTURE_AUTORELEASING = YES;
				CLANG_WARN_BOOL_CONVERSION = YES;
				CLANG_WARN_COMMA = YES;
				CLANG_WARN_CONSTANT_CONVERSION = YES;
				CLANG_WARN_DEPRECATED_OBJC_IMPLEMENTATIONS = YES;
				CLANG_WARN_DIRECT_OBJC_ISA_USAGE = YES_ERROR;
				CLANG_WARN_DOCUMENTATION_COMMENTS = YES;
				CLANG_WARN_EMPTY_BODY = YES;
				CLANG_WARN_ENUM_CONVERSION = YES;
				CLANG_WARN_INFINITE_RECURSION = YES;
				CLANG_WARN_INT_CONVERSION = YES;
				CLANG_WARN_NON_LITERAL_NULL_CONVERSION = YES;
				CLANG_WARN_OBJC_IMPLICIT_RETAIN_SELF = YES;
				CLANG_WARN_OBJC_LITERAL_CONVERSION = YES;
				CLANG_WARN_OBJC_ROOT_CLASS = YES_ERROR;
				CLANG_WARN_RANGE_LOOP_ANALYSIS = YES;
				CLANG_WARN_STRICT_PROTOTYPES = YES;
				CLANG_WARN_SUSPICIOUS_MOVE = YES;
				CLANG_WARN_UNGUARDED_AVAILABILITY = YES_AGGRESSIVE;
				CLANG_WARN_UNREACHABLE_CODE = YES;
				CLANG_WARN__DUPLICATE_METHOD_MATCH = YES;
				CODE_SIGN_IDENTITY = "iPhone Developer";
				COPY_PHASE_STRIP = NO;
				DEBUG_INFORMATION_FORMAT = dwarf;
				ENABLE_STRICT_OBJC_MSGSEND = YES;
				ENABLE_TESTABILITY = YES;
				GCC_C_LANGUAGE_STANDARD = gnu11;
				GCC_DYNAMIC_NO_PIC = NO;
				GCC_NO_COMMON_BLOCKS = YES;
				GCC_OPTIMIZATION_LEVEL = 0;
				GCC_PREPROCESSOR_DEFINITIONS = (
					"DEBUG=1",
					"$(inherited)",
				);
				GCC_WARN_64_TO_32_BIT_CONVERSION = YES;
				GCC_WARN_ABOUT_RETURN_TYPE = YES_ERROR;
				GCC_WARN_UNDECLARED_SELECTOR = YES;
				GCC_WARN_UNINITIALIZED_AUTOS = YES_AGGRESSIVE;
				GCC_WARN_UNUSED_FUNCTION = YES;
				GCC_WARN_UNUSED_VARIABLE = YES;
				IPHONEOS_DEPLOYMENT_TARGET = 12.0;
				MTL_ENABLE_DEBUG_INFO = INCLUDE_SOURCE;
				MTL_FAST_MATH = YES;
				ONLY_ACTIVE_ARCH = YES;
				SDKROOT = iphoneos;
				SWIFT_ACTIVE_COMPILATION_CONDITIONS = DEBUG;
				SWIFT_OPTIMIZATION_LEVEL = "-Onone";
			};
			name = Debug;
		};
		D9F573FA21A8F4EE0065ADFB /* Release */ = {
			isa = XCBuildConfiguration;
			buildSettings = {
				ALWAYS_SEARCH_USER_PATHS = NO;
				CLANG_ANALYZER_NONNULL = YES;
				CLANG_ANALYZER_NUMBER_OBJECT_CONVERSION = YES_AGGRESSIVE;
				CLANG_CXX_LANGUAGE_STANDARD = "gnu++14";
				CLANG_CXX_LIBRARY = "libc++";
				CLANG_ENABLE_MODULES = YES;
				CLANG_ENABLE_OBJC_ARC = YES;
				CLANG_ENABLE_OBJC_WEAK = YES;
				CLANG_WARN_BLOCK_CAPTURE_AUTORELEASING = YES;
				CLANG_WARN_BOOL_CONVERSION = YES;
				CLANG_WARN_COMMA = YES;
				CLANG_WARN_CONSTANT_CONVERSION = YES;
				CLANG_WARN_DEPRECATED_OBJC_IMPLEMENTATIONS = YES;
				CLANG_WARN_DIRECT_OBJC_ISA_USAGE = YES_ERROR;
				CLANG_WARN_DOCUMENTATION_COMMENTS = YES;
				CLANG_WARN_EMPTY_BODY = YES;
				CLANG_WARN_ENUM_CONVERSION = YES;
				CLANG_WARN_INFINITE_RECURSION = YES;
				CLANG_WARN_INT_CONVERSION = YES;
				CLANG_WARN_NON_LITERAL_NULL_CONVERSION = YES;
				CLANG_WARN_OBJC_IMPLICIT_RETAIN_SELF = YES;
				CLANG_WARN_OBJC_LITERAL_CONVERSION = YES;
				CLANG_WARN_OBJC_ROOT_CLASS = YES_ERROR;
				CLANG_WARN_RANGE_LOOP_ANALYSIS = YES;
				CLANG_WARN_STRICT_PROTOTYPES = YES;
				CLANG_WARN_SUSPICIOUS_MOVE = YES;
				CLANG_WARN_UNGUARDED_AVAILABILITY = YES_AGGRESSIVE;
				CLANG_WARN_UNREACHABLE_CODE = YES;
				CLANG_WARN__DUPLICATE_METHOD_MATCH = YES;
				CODE_SIGN_IDENTITY = "iPhone Developer";
				COPY_PHASE_STRIP = NO;
				DEBUG_INFORMATION_FORMAT = "dwarf-with-dsym";
				ENABLE_NS_ASSERTIONS = NO;
				ENABLE_STRICT_OBJC_MSGSEND = YES;
				GCC_C_LANGUAGE_STANDARD = gnu11;
				GCC_NO_COMMON_BLOCKS = YES;
				GCC_WARN_64_TO_32_BIT_CONVERSION = YES;
				GCC_WARN_ABOUT_RETURN_TYPE = YES_ERROR;
				GCC_WARN_UNDECLARED_SELECTOR = YES;
				GCC_WARN_UNINITIALIZED_AUTOS = YES_AGGRESSIVE;
				GCC_WARN_UNUSED_FUNCTION = YES;
				GCC_WARN_UNUSED_VARIABLE = YES;
				IPHONEOS_DEPLOYMENT_TARGET = 12.0;
				MTL_ENABLE_DEBUG_INFO = NO;
				MTL_FAST_MATH = YES;
				SDKROOT = iphoneos;
				SWIFT_COMPILATION_MODE = wholemodule;
				SWIFT_OPTIMIZATION_LEVEL = "-O";
				VALIDATE_PRODUCT = YES;
			};
			name = Release;
		};
		D9F573FC21A8F4EE0065ADFB /* Debug */ = {
			isa = XCBuildConfiguration;
			baseConfigurationReference = 667362EE1BFBE485F3EA72CA /* Pods-TextureNodes.debug.xcconfig */;
			buildSettings = {
				ASSETCATALOG_COMPILER_APPICON_NAME = AppIcon;
				CODE_SIGN_STYLE = Automatic;
				DEVELOPMENT_TEAM = 3U9W86J2XH;
				INFOPLIST_FILE = TextureNodes/Info.plist;
				LD_RUNPATH_SEARCH_PATHS = (
					"$(inherited)",
					"@executable_path/Frameworks",
				);
				PRODUCT_BUNDLE_IDENTIFIER = fkymy.TextureNodes;
				PRODUCT_NAME = "$(TARGET_NAME)";
				SWIFT_VERSION = 4.2;
				TARGETED_DEVICE_FAMILY = "1,2";
			};
			name = Debug;
		};
		D9F573FD21A8F4EE0065ADFB /* Release */ = {
			isa = XCBuildConfiguration;
			baseConfigurationReference = D815E4A03E3841CCF53928A6 /* Pods-TextureNodes.release.xcconfig */;
			buildSettings = {
				ASSETCATALOG_COMPILER_APPICON_NAME = AppIcon;
				CODE_SIGN_STYLE = Automatic;
				DEVELOPMENT_TEAM = 3U9W86J2XH;
				INFOPLIST_FILE = TextureNodes/Info.plist;
				LD_RUNPATH_SEARCH_PATHS = (
					"$(inherited)",
					"@executable_path/Frameworks",
				);
				PRODUCT_BUNDLE_IDENTIFIER = fkymy.TextureNodes;
				PRODUCT_NAME = "$(TARGET_NAME)";
				SWIFT_VERSION = 4.2;
				TARGETED_DEVICE_FAMILY = "1,2";
			};
			name = Release;
		};
/* End XCBuildConfiguration section */

/* Begin XCConfigurationList section */
		D9F573E421A8F4ED0065ADFB /* Build configuration list for PBXProject "TextureNodes" */ = {
			isa = XCConfigurationList;
			buildConfigurations = (
				D9F573F921A8F4EE0065ADFB /* Debug */,
				D9F573FA21A8F4EE0065ADFB /* Release */,
			);
			defaultConfigurationIsVisible = 0;
			defaultConfigurationName = Release;
		};
		D9F573FB21A8F4EE0065ADFB /* Build configuration list for PBXNativeTarget "TextureNodes" */ = {
			isa = XCConfigurationList;
			buildConfigurations = (
				D9F573FC21A8F4EE0065ADFB /* Debug */,
				D9F573FD21A8F4EE0065ADFB /* Release */,
			);
			defaultConfigurationIsVisible = 0;
			defaultConfigurationName = Release;
		};
/* End XCConfigurationList section */
	};
	rootObject = D9F573E121A8F4ED0065ADFB /* Project object */;
}
